
Microsoft Visual Studio Solution File, Format Version 12.00
# Visual Studio 15
VisualStudioVersion = 15.0.28307.489
MinimumVisualStudioVersion = 10.0.40219.1
Project("{FAE04EC0-301F-11D3-BF4B-00C04F79EFBC}") = "DairyMVC", "DairyMVC\DairyMVC.csproj", "{07F8D1BC-DCD2-4DF1-BB93-D1824F810067}"
EndProject
Global
	GlobalSection(SolutionConfigurationPlatforms) = preSolution
		Debug|Any CPU = Debug|Any CPU
		Release|Any CPU = Release|Any CPU
	EndGlobalSection
	GlobalSection(ProjectConfigurationPlatforms) = postSolution
		{07F8D1BC-DCD2-4DF1-BB93-D1824F810067}.Debug|Any CPU.ActiveCfg = Debug|Any CPU
		{07F8D1BC-DCD2-4DF1-BB93-D1824F810067}.Debug|Any CPU.Build.0 = Debug|Any CPU
		{07F8D1BC-DCD2-4DF1-BB93-D1824F810067}.Release|Any CPU.ActiveCfg = Release|Any CPU
		{07F8D1BC-DCD2-4DF1-BB93-D1824F810067}.Release|Any CPU.Build.0 = Release|Any CPU
	EndGlobalSection
	GlobalSection(SolutionProperties) = preSolution
		HideSolutionNode = FALSE
	EndGlobalSection
	GlobalSection(ExtensibilityGlobals) = postSolution
		SolutionGuid = {A1B4D6A1-D96E-4619-9382-1B639A9C5EB8}
	EndGlobalSection
EndGlobal
